// !$*UTF8*$!
{
	archiveVersion = 1;
	classes = {
	};
	objectVersion = 50;
	objects = {

/* Begin PBXBuildFile section */
		B392D2B8214911450004505C /* AppDelegate.swift in Sources */ = {isa = PBXBuildFile; fileRef = B392D2B7214911450004505C /* AppDelegate.swift */; };
		B392D2BA214911450004505C /* ViewController.swift in Sources */ = {isa = PBXBuildFile; fileRef = B392D2B9214911450004505C /* ViewController.swift */; };
		B392D2BD214911450004505C /* Main.storyboard in Resources */ = {isa = PBXBuildFile; fileRef = B392D2BB214911450004505C /* Main.storyboard */; };
		B392D2BF214911470004505C /* Assets.xcassets in Resources */ = {isa = PBXBuildFile; fileRef = B392D2BE214911470004505C /* Assets.xcassets */; };
		B392D2C2214911470004505C /* LaunchScreen.storyboard in Resources */ = {isa = PBXBuildFile; fileRef = B392D2C0214911470004505C /* LaunchScreen.storyboard */; };
		B392D2CA214911AC0004505C /* MyCalculator.swift in Sources */ = {isa = PBXBuildFile; fileRef = B392D2C9214911AC0004505C /* MyCalculator.swift */; };
/* End PBXBuildFile section */

/* Begin PBXFileReference section */
		B392D2B4214911450004505C /* ThreeDigitsMath.app */ = {isa = PBXFileReference; explicitFileType = wrapper.application; includeInIndex = 0; path = ThreeDigitsMath.app; sourceTree = BUILT_PRODUCTS_DIR; };
		B392D2B7214911450004505C /* AppDelegate.swift */ = {isa = PBXFileReference; lastKnownFileType = sourcecode.swift; path = AppDelegate.swift; sourceTree = "<group>"; };
		B392D2B9214911450004505C /* ViewController.swift */ = {isa = PBXFileReference; lastKnownFileType = sourcecode.swift; path = ViewController.swift; sourceTree = "<group>"; };
		B392D2BC214911450004505C /* Base */ = {isa = PBXFileReference; lastKnownFileType = file.storyboard; name = Base; path = Base.lproj/Main.storyboard; sourceTree = "<group>"; };
		B392D2BE214911470004505C /* Assets.xcassets */ = {isa = PBXFileReference; lastKnownFileType = folder.assetcatalog; path = Assets.xcassets; sourceTree = "<group>"; };
		B392D2C1214911470004505C /* Base */ = {isa = PBXFileReference; lastKnownFileType = file.storyboard; name = Base; path = Base.lproj/LaunchScreen.storyboard; sourceTree = "<group>"; };
		B392D2C3214911470004505C /* Info.plist */ = {isa = PBXFileReference; lastKnownFileType = text.plist.xml; path = Info.plist; sourceTree = "<group>"; };
		B392D2C9214911AC0004505C /* MyCalculator.swift */ = {isa = PBXFileReference; lastKnownFileType = sourcecode.swift; path = MyCalculator.swift; sourceTree = "<group>"; };
/* End PBXFileReference section */

/* Begin PBXFrameworksBuildPhase section */
		B392D2B1214911450004505C /* Frameworks */ = {
			isa = PBXFrameworksBuildPhase;
			buildActionMask = 2147483647;
			files = (
			);
			runOnlyForDeploymentPostprocessing = 0;
		};
/* End PBXFrameworksBuildPhase section */

/* Begin PBXGroup section */
		B392D2AB214911450004505C = {
			isa = PBXGroup;
			children = (
				B392D2B6214911450004505C /* ThreeDigitsMath */,
				B392D2B5214911450004505C /* Products */,
			);
			sourceTree = "<group>";
		};
		B392D2B5214911450004505C /* Products */ = {
			isa = PBXGroup;
			children = (
				B392D2B4214911450004505C /* ThreeDigitsMath.app */,
			);
			name = Products;
			sourceTree = "<group>";
		};
		B392D2B6214911450004505C /* ThreeDigitsMath */ = {
			isa = PBXGroup;
			children = (
				B392D2B7214911450004505C /* AppDelegate.swift */,
				B392D2B9214911450004505C /* ViewController.swift */,
				B392D2C9214911AC0004505C /* MyCalculator.swift */,
				B392D2BB214911450004505C /* Main.storyboard */,
				B392D2BE214911470004505C /* Assets.xcassets */,
				B392D2C0214911470004505C /* LaunchScreen.storyboard */,
				B392D2C3214911470004505C /* Info.plist */,
			);
			path = ThreeDigitsMath;
			sourceTree = "<group>";
		};
/* End PBXGroup section */

/* Begin PBXNativeTarget section */
		B392D2B3214911450004505C /* ThreeDigitsMath */ = {
			isa = PBXNativeTarget;
			buildConfigurationList = B392D2C6214911470004505C /* Build configuration list for PBXNativeTarget "ThreeDigitsMath" */;
			buildPhases = (
				B392D2B0214911450004505C /* Sources */,
				B392D2B1214911450004505C /* Frameworks */,
				B392D2B2214911450004505C /* Resources */,
			);
			buildRules = (
			);
			dependencies = (
			);
			name = ThreeDigitsMath;
			productName = ThreeDigitsMath;
			productReference = B392D2B4214911450004505C /* ThreeDigitsMath.app */;
			productType = "com.apple.product-type.application";
		};
/* End PBXNativeTarget section */

/* Begin PBXProject section */
		B392D2AC214911450004505C /* Project object */ = {
			isa = PBXProject;
			attributes = {
				LastSwiftUpdateCheck = 0940;
				LastUpgradeCheck = 0940;
				ORGANIZATIONNAME = MiaSheng;
				TargetAttributes = {
					B392D2B3214911450004505C = {
						CreatedOnToolsVersion = 9.4.1;
					};
				};
			};
			buildConfigurationList = B392D2AF214911450004505C /* Build configuration list for PBXProject "ThreeDigitsMath" */;
			compatibilityVersion = "Xcode 9.3";
			developmentRegion = en;
			hasScannedForEncodings = 0;
			knownRegions = (
				en,
				Base,
			);
			mainGroup = B392D2AB214911450004505C;
			productRefGroup = B392D2B5214911450004505C /* Products */;
			projectDirPath = "";
			projectRoot = "";
			targets = (
				B392D2B3214911450004505C /* ThreeDigitsMath */,
			);
		};
/* End PBXProject section */

/* Begin PBXResourcesBuildPhase section */
		B392D2B2214911450004505C /* Resources */ = {
			isa = PBXResourcesBuildPhase;
			buildActionMask = 2147483647;
			files = (
				B392D2C2214911470004505C /* LaunchScreen.storyboard in Resources */,
				B392D2BF214911470004505C /* Assets.xcassets in Resources */,
				B392D2BD214911450004505C /* Main.storyboard in Resources */,
			);
			runOnlyForDeploymentPostprocessing = 0;
		};
/* End PBXResourcesBuildPhase section */

/* Begin PBXSourcesBuildPhase section */
		B392D2B0214911450004505C /* Sources */ = {
			isa = PBXSourcesBuildPhase;
			buildActionMask = 2147483647;
			files = (
				B392D2CA214911AC0004505C /* MyCalculator.swift in Sources */,
				B392D2BA214911450004505C /* ViewController.swift in Sources */,
				B392D2B8214911450004505C /* AppDelegate.swift in Sources */,
			);
			runOnlyForDeploymentPostprocessing = 0;
		};
/* End PBXSourcesBuildPhase section */

/* Begin PBXVariantGroup section */
		B392D2BB214911450004505C /* Main.storyboard */ = {
			isa = PBXVariantGroup;
			children = (
				B392D2BC214911450004505C /* Base */,
			);
			name = Main.storyboard;
			sourceTree = "<group>";
		};
		B392D2C0214911470004505C /* LaunchScreen.storyboard */ = {
			isa = PBXVariantGroup;
			children = (
				B392D2C1214911470004505C /* Base */,
			);
			name = LaunchScreen.storyboard;
			sourceTree = "<group>";
		};
/* End PBXVariantGroup section */

/* Begin XCBuildConfiguration section */
		B392D2C4214911470004505C /* Debug */ = {
			isa = XCBuildConfiguration;
			buildSettings = {
				ALWAYS_SEARCH_USER_PATHS = NO;
				CLANG_ANALYZER_NONNULL = YES;
				CLANG_ANALYZER_NUMBER_OBJECT_CONVERSION = YES_AGGRESSIVE;
				CLANG_CXX_LANGUAGE_STANDARD = "gnu++14";
				CLANG_CXX_LIBRARY = "libc++";
				CLANG_ENABLE_MODULES = YES;
				CLANG_ENABLE_OBJC_ARC = YES;
				CLANG_ENABLE_OBJC_WEAK = YES;
				CLANG_WARN_BLOCK_CAPTURE_AUTORELEASING = YES;
				CLANG_WARN_BOOL_CONVERSION = YES;
				CLANG_WARN_COMMA = YES;
				CLANG_WARN_CONSTANT_CONVERSION = YES;
				CLANG_WARN_DEPRECATED_OBJC_IMPLEMENTATIONS = YES;
				CLANG_WARN_DIRECT_OBJC_ISA_USAGE = YES_ERROR;
				CLANG_WARN_DOCUMENTATION_COMMENTS = YES;
				CLANG_WARN_EMPTY_BODY = YES;
				CLANG_WARN_ENUM_CONVERSION = YES;
				CLANG_WARN_INFINITE_RECURSION = YES;
				CLANG_WARN_INT_CONVERSION = YES;
				CLANG_WARN_NON_LITERAL_NULL_CONVERSION = YES;
				CLANG_WARN_OBJC_IMPLICIT_RETAIN_SELF = YES;
				CLANG_WARN_OBJC_LITERAL_CONVERSION = YES;
				CLANG_WARN_OBJC_ROOT_CLASS = YES_ERROR;
				CLANG_WARN_RANGE_LOOP_ANALYSIS = YES;
				CLANG_WARN_STRICT_PROTOTYPES = YES;
				CLANG_WARN_SUSPICIOUS_MOVE = YES;
				CLANG_WARN_UNGUARDED_AVAILABILITY = YES_AGGRESSIVE;
				CLANG_WARN_UNREACHABLE_CODE = YES;
				CLANG_WARN__DUPLICATE_METHOD_MATCH = YES;
				CODE_SIGN_IDENTITY = "iPhone Developer";
				COPY_PHASE_STRIP = NO;
				DEBUG_INFORMATION_FORMAT = dwarf;
				ENABLE_STRICT_OBJC_MSGSEND = YES;
				ENABLE_TESTABILITY = YES;
				GCC_C_LANGUAGE_STANDARD = gnu11;
				GCC_DYNAMIC_NO_PIC = NO;
				GCC_NO_COMMON_BLOCKS = YES;
				GCC_OPTIMIZATION_LEVEL = 0;
				GCC_PREPROCESSOR_DEFINITIONS = (
					"DEBUG=1",
					"$(inherited)",
				);
				GCC_WARN_64_TO_32_BIT_CONVERSION = YES;
				GCC_WARN_ABOUT_RETURN_TYPE = YES_ERROR;
				GCC_WARN_UNDECLARED_SELECTOR = YES;
				GCC_WARN_UNINITIALIZED_AUTOS = YES_AGGRESSIVE;
				GCC_WARN_UNUSED_FUNCTION = YES;
				GCC_WARN_UNUSED_VARIABLE = YES;
				IPHONEOS_DEPLOYMENT_TARGET = 11.4;
				MTL_ENABLE_DEBUG_INFO = YES;
				ONLY_ACTIVE_ARCH = YES;
				SDKROOT = iphoneos;
				SWIFT_ACTIVE_COMPILATION_CONDITIONS = DEBUG;
				SWIFT_OPTIMIZATION_LEVEL = "-Onone";
			};
			name = Debug;
		};
		B392D2C5214911470004505C /* Release */ = {
			isa = XCBuildConfiguration;
			buildSettings = {
				ALWAYS_SEARCH_USER_PATHS = NO;
				CLANG_ANALYZER_NONNULL = YES;
				CLANG_ANALYZER_NUMBER_OBJECT_CONVERSION = YES_AGGRESSIVE;
				CLANG_CXX_LANGUAGE_STANDARD = "gnu++14";
				CLANG_CXX_LIBRARY = "libc++";
				CLANG_ENABLE_MODULES = YES;
				CLANG_ENABLE_OBJC_ARC = YES;
				CLANG_ENABLE_OBJC_WEAK = YES;
				CLANG_WARN_BLOCK_CAPTURE_AUTORELEASING = YES;
				CLANG_WARN_BOOL_CONVERSION = YES;
				CLANG_WARN_COMMA = YES;
				CLANG_WARN_CONSTANT_CONVERSION = YES;
				CLANG_WARN_DEPRECATED_OBJC_IMPLEMENTATIONS = YES;
				CLANG_WARN_DIRECT_OBJC_ISA_USAGE = YES_ERROR;
				CLANG_WARN_DOCUMENTATION_COMMENTS = YES;
				CLANG_WARN_EMPTY_BODY = YES;
				CLANG_WARN_ENUM_CONVERSION = YES;
				CLANG_WARN_INFINITE_RECURSION = YES;
				CLANG_WARN_INT_CONVERSION = YES;
				CLANG_WARN_NON_LITERAL_NULL_CONVERSION = YES;
				CLANG_WARN_OBJC_IMPLICIT_RETAIN_SELF = YES;
				CLANG_WARN_OBJC_LITERAL_CONVERSION = YES;
				CLANG_WARN_OBJC_ROOT_CLASS = YES_ERROR;
				CLANG_WARN_RANGE_LOOP_ANALYSIS = YES;
				CLANG_WARN_STRICT_PROTOTYPES = YES;
				CLANG_WARN_SUSPICIOUS_MOVE = YES;
				CLANG_WARN_UNGUARDED_AVAILABILITY = YES_AGGRESSIVE;
				CLANG_WARN_UNREACHABLE_CODE = YES;
				CLANG_WARN__DUPLICATE_METHOD_MATCH = YES;
				CODE_SIGN_IDENTITY = "iPhone Developer";
				COPY_PHASE_STRIP = NO;
				DEBUG_INFORMATION_FORMAT = "dwarf-with-dsym";
				ENABLE_NS_ASSERTIONS = NO;
				ENABLE_STRICT_OBJC_MSGSEND = YES;
				GCC_C_LANGUAGE_STANDARD = gnu11;
				GCC_NO_COMMON_BLOCKS = YES;
				GCC_WARN_64_TO_32_BIT_CONVERSION = YES;
				GCC_WARN_ABOUT_RETURN_TYPE = YES_ERROR;
				GCC_WARN_UNDECLARED_SELECTOR = YES;
				GCC_WARN_UNINITIALIZED_AUTOS = YES_AGGRESSIVE;
				GCC_WARN_UNUSED_FUNCTION = YES;
				GCC_WARN_UNUSED_VARIABLE = YES;
				IPHONEOS_DEPLOYMENT_TARGET = 11.4;
				MTL_ENABLE_DEBUG_INFO = NO;
				SDKROOT = iphoneos;
				SWIFT_COMPILATION_MODE = wholemodule;
				SWIFT_OPTIMIZATION_LEVEL = "-O";
				VALIDATE_PRODUCT = YES;
			};
			name = Release;
		};
		B392D2C7214911470004505C /* Debug */ = {
			isa = XCBuildConfiguration;
			buildSettings = {
				ASSETCATALOG_COMPILER_APPICON_NAME = AppIcon;
				CODE_SIGN_STYLE = Automatic;
				DEVELOPMENT_TEAM = JND9XWCEGQ;
				INFOPLIST_FILE = ThreeDigitsMath/Info.plist;
				LD_RUNPATH_SEARCH_PATHS = (
					"$(inherited)",
					"@executable_path/Frameworks",
				);
				PRODUCT_BUNDLE_IDENTIFIER = com.miasheng.ThreeDigitsMath;
				PRODUCT_NAME = "$(TARGET_NAME)";
				SWIFT_VERSION = 4.0;
				TARGETED_DEVICE_FAMILY = "1,2";
			};
			name = Debug;
		};
		B392D2C8214911470004505C /* Release */ = {
			isa = XCBuildConfiguration;
			buildSettings = {
				ASSETCATALOG_COMPILER_APPICON_NAME = AppIcon;
				CODE_SIGN_STYLE = Automatic;
				DEVELOPMENT_TEAM = JND9XWCEGQ;
				INFOPLIST_FILE = ThreeDigitsMath/Info.plist;
				LD_RUNPATH_SEARCH_PATHS = (
					"$(inherited)",
					"@executable_path/Frameworks",
				);
				PRODUCT_BUNDLE_IDENTIFIER = com.miasheng.ThreeDigitsMath;
				PRODUCT_NAME = "$(TARGET_NAME)";
				SWIFT_VERSION = 4.0;
				TARGETED_DEVICE_FAMILY = "1,2";
			};
			name = Release;
		};
/* End XCBuildConfiguration section */

/* Begin XCConfigurationList section */
		B392D2AF214911450004505C /* Build configuration list for PBXProject "ThreeDigitsMath" */ = {
			isa = XCConfigurationList;
			buildConfigurations = (
				B392D2C4214911470004505C /* Debug */,
				B392D2C5214911470004505C /* Release */,
			);
			defaultConfigurationIsVisible = 0;
			defaultConfigurationName = Release;
		};
		B392D2C6214911470004505C /* Build configuration list for PBXNativeTarget "ThreeDigitsMath" */ = {
			isa = XCConfigurationList;
			buildConfigurations = (
				B392D2C7214911470004505C /* Debug */,
				B392D2C8214911470004505C /* Release */,
			);
			defaultConfigurationIsVisible = 0;
			defaultConfigurationName = Release;
		};
/* End XCConfigurationList section */
	};
	rootObject = B392D2AC214911450004505C /* Project object */;
}
